// !$*UTF8*$!
{
	archiveVersion = 1;
	classes = {
	};
	objectVersion = 46;
	objects = {

/* Begin PBXBuildFile section */
		0268D2EB19CADDAA00480123 /* main.cpp in Sources */ = {isa = PBXBuildFile; fileRef = 0268D2EA19CADDAA00480123 /* main.cpp */; };
		0268D2F219CADE6D00480123 /* OpenGL.framework in Frameworks */ = {isa = PBXBuildFile; fileRef = 0268D2F119CADE6D00480123 /* OpenGL.framework */; };
		0268D2F419CADE7100480123 /* GLUT.framework in Frameworks */ = {isa = PBXBuildFile; fileRef = 0268D2F319CADE7100480123 /* GLUT.framework */; };
/* End PBXBuildFile section */

/* Begin PBXCopyFilesBuildPhase section */
		0268D2E519CADDAA00480123 /* CopyFiles */ = {
			isa = PBXCopyFilesBuildPhase;
			buildActionMask = 2147483647;
			dstPath = /usr/share/man/man1/;
			dstSubfolderSpec = 0;
			files = (
			);
			runOnlyForDeploymentPostprocessing = 1;
		};
/* End PBXCopyFilesBuildPhase section */

/* Begin PBXFileReference section */
		022F58CC19D982E6006A4D79 /* freeformcurve.h */ = {isa = PBXFileReference; lastKnownFileType = sourcecode.c.h; path = freeformcurve.h; sourceTree = "<group>"; };
		022F58CD19D9848A006A4D79 /* bezier.h */ = {isa = PBXFileReference; lastKnownFileType = sourcecode.c.h; path = bezier.h; sourceTree = "<group>"; };
		026567C219DD9080004B16BE /* polyline.h */ = {isa = PBXFileReference; lastKnownFileType = sourcecode.c.h; path = polyline.h; sourceTree = "<group>"; };
		026567C319DD9263004B16BE /* lagrangecurve.h */ = {isa = PBXFileReference; lastKnownFileType = sourcecode.c.h; path = lagrangecurve.h; sourceTree = "<group>"; };
		0268D2E719CADDAA00480123 /* curvePractical */ = {isa = PBXFileReference; explicitFileType = "compiled.mach-o.executable"; includeInIndex = 0; path = curvePractical; sourceTree = BUILT_PRODUCTS_DIR; };
		0268D2EA19CADDAA00480123 /* main.cpp */ = {isa = PBXFileReference; lastKnownFileType = sourcecode.cpp.cpp; path = main.cpp; sourceTree = "<group>"; };
		0268D2F119CADE6D00480123 /* OpenGL.framework */ = {isa = PBXFileReference; lastKnownFileType = wrapper.framework; name = OpenGL.framework; path = System/Library/Frameworks/OpenGL.framework; sourceTree = SDKROOT; };
		0268D2F319CADE7100480123 /* GLUT.framework */ = {isa = PBXFileReference; lastKnownFileType = wrapper.framework; name = GLUT.framework; path = System/Library/Frameworks/GLUT.framework; sourceTree = SDKROOT; };
		0268D2F519CADEDA00480123 /* float2.h */ = {isa = PBXFileReference; lastKnownFileType = sourcecode.c.h; path = float2.h; sourceTree = "<group>"; };
		0268D2F619CAE7BC00480123 /* curve.h */ = {isa = PBXFileReference; lastKnownFileType = sourcecode.c.h; path = curve.h; sourceTree = "<group>"; };
		0268D2F719CAE7E000480123 /* circle.h */ = {isa = PBXFileReference; lastKnownFileType = sourcecode.c.h; path = circle.h; sourceTree = "<group>"; };
		02BB5AE419D424F900ED06EF /* wonkycurve.h */ = {isa = PBXFileReference; lastKnownFileType = sourcecode.c.h; path = wonkycurve.h; sourceTree = "<group>"; };
/* End PBXFileReference section */

/* Begin PBXFrameworksBuildPhase section */
		0268D2E419CADDAA00480123 /* Frameworks */ = {
			isa = PBXFrameworksBuildPhase;
			buildActionMask = 2147483647;
			files = (
				0268D2F419CADE7100480123 /* GLUT.framework in Frameworks */,
				0268D2F219CADE6D00480123 /* OpenGL.framework in Frameworks */,
			);
			runOnlyForDeploymentPostprocessing = 0;
		};
/* End PBXFrameworksBuildPhase section */

/* Begin PBXGroup section */
		0268D2DE19CADDAA00480123 = {
			isa = PBXGroup;
			children = (
				0268D2F319CADE7100480123 /* GLUT.framework */,
				0268D2F119CADE6D00480123 /* OpenGL.framework */,
				0268D2E919CADDAA00480123 /* curvePractical */,
				0268D2E819CADDAA00480123 /* Products */,
			);
			sourceTree = "<group>";
		};
		0268D2E819CADDAA00480123 /* Products */ = {
			isa = PBXGroup;
			children = (
				0268D2E719CADDAA00480123 /* curvePractical */,
			);
			name = Products;
			sourceTree = "<group>";
		};
		0268D2E919CADDAA00480123 /* curvePractical */ = {
			isa = PBXGroup;
			children = (
				0268D2EA19CADDAA00480123 /* main.cpp */,
				026567C219DD9080004B16BE /* polyline.h */,
				02BB5AE419D424F900ED06EF /* wonkycurve.h */,
				022F58CC19D982E6006A4D79 /* freeformcurve.h */,
				022F58CD19D9848A006A4D79 /* bezier.h */,
				0268D2F719CAE7E000480123 /* circle.h */,
				0268D2F519CADEDA00480123 /* float2.h */,
				026567C319DD9263004B16BE /* lagrangecurve.h */,
				0268D2F619CAE7BC00480123 /* curve.h */,
			);
			path = curvePractical;
			sourceTree = "<group>";
		};
/* End PBXGroup section */

/* Begin PBXNativeTarget section */
		0268D2E619CADDAA00480123 /* curvePractical */ = {
			isa = PBXNativeTarget;
			buildConfigurationList = 0268D2EE19CADDAA00480123 /* Build configuration list for PBXNativeTarget "curvePractical" */;
			buildPhases = (
				0268D2E319CADDAA00480123 /* Sources */,
				0268D2E419CADDAA00480123 /* Frameworks */,
				0268D2E519CADDAA00480123 /* CopyFiles */,
			);
			buildRules = (
			);
			dependencies = (
			);
			name = curvePractical;
			productName = curvePractical;
			productReference = 0268D2E719CADDAA00480123 /* curvePractical */;
			productType = "com.apple.product-type.tool";
		};
/* End PBXNativeTarget section */

/* Begin PBXProject section */
		0268D2DF19CADDAA00480123 /* Project object */ = {
			isa = PBXProject;
			attributes = {
				LastUpgradeCheck = 0600;
				ORGANIZATIONNAME = "Miles Crabill";
				TargetAttributes = {
					0268D2E619CADDAA00480123 = {
						CreatedOnToolsVersion = 6.0;
					};
				};
			};
			buildConfigurationList = 0268D2E219CADDAA00480123 /* Build configuration list for PBXProject "curvePractical" */;
			compatibilityVersion = "Xcode 3.2";
			developmentRegion = English;
			hasScannedForEncodings = 0;
			knownRegions = (
				en,
			);
			mainGroup = 0268D2DE19CADDAA00480123;
			productRefGroup = 0268D2E819CADDAA00480123 /* Products */;
			projectDirPath = "";
			projectRoot = "";
			targets = (
				0268D2E619CADDAA00480123 /* curvePractical */,
			);
		};
/* End PBXProject section */

/* Begin PBXSourcesBuildPhase section */
		0268D2E319CADDAA00480123 /* Sources */ = {
			isa = PBXSourcesBuildPhase;
			buildActionMask = 2147483647;
			files = (
				0268D2EB19CADDAA00480123 /* main.cpp in Sources */,
			);
			runOnlyForDeploymentPostprocessing = 0;
		};
/* End PBXSourcesBuildPhase section */

/* Begin XCBuildConfiguration section */
		0268D2EC19CADDAA00480123 /* Debug */ = {
			isa = XCBuildConfiguration;
			buildSettings = {
				ALWAYS_SEARCH_USER_PATHS = NO;
				CLANG_CXX_LANGUAGE_STANDARD = "gnu++0x";
				CLANG_CXX_LIBRARY = "libc++";
				CLANG_ENABLE_MODULES = YES;
				CLANG_ENABLE_OBJC_ARC = YES;
				CLANG_WARN_BOOL_CONVERSION = YES;
				CLANG_WARN_CONSTANT_CONVERSION = YES;
				CLANG_WARN_DIRECT_OBJC_ISA_USAGE = YES_ERROR;
				CLANG_WARN_EMPTY_BODY = YES;
				CLANG_WARN_ENUM_CONVERSION = YES;
				CLANG_WARN_INT_CONVERSION = YES;
				CLANG_WARN_OBJC_ROOT_CLASS = YES_ERROR;
				CLANG_WARN_UNREACHABLE_CODE = YES;
				CLANG_WARN__DUPLICATE_METHOD_MATCH = YES;
				COPY_PHASE_STRIP = NO;
				ENABLE_STRICT_OBJC_MSGSEND = YES;
				GCC_C_LANGUAGE_STANDARD = gnu99;
				GCC_DYNAMIC_NO_PIC = NO;
				GCC_OPTIMIZATION_LEVEL = 0;
				GCC_PREPROCESSOR_DEFINITIONS = (
					"DEBUG=1",
					"$(inherited)",
				);
				GCC_SYMBOLS_PRIVATE_EXTERN = NO;
				GCC_WARN_64_TO_32_BIT_CONVERSION = YES;
				GCC_WARN_ABOUT_RETURN_TYPE = YES_ERROR;
				GCC_WARN_UNDECLARED_SELECTOR = YES;
				GCC_WARN_UNINITIALIZED_AUTOS = YES_AGGRESSIVE;
				GCC_WARN_UNUSED_FUNCTION = YES;
				GCC_WARN_UNUSED_VARIABLE = YES;
				MACOSX_DEPLOYMENT_TARGET = 10.9;
				MTL_ENABLE_DEBUG_INFO = YES;
				ONLY_ACTIVE_ARCH = YES;
				SDKROOT = macosx;
			};
			name = Debug;
		};
		0268D2ED19CADDAA00480123 /* Release */ = {
			isa = XCBuildConfiguration;
			buildSettings = {
				ALWAYS_SEARCH_USER_PATHS = NO;
				CLANG_CXX_LANGUAGE_STANDARD = "gnu++0x";
				CLANG_CXX_LIBRARY = "libc++";
				CLANG_ENABLE_MODULES = YES;
				CLANG_ENABLE_OBJC_ARC = YES;
				CLANG_WARN_BOOL_CONVERSION = YES;
				CLANG_WARN_CONSTANT_CONVERSION = YES;
				CLANG_WARN_DIRECT_OBJC_ISA_USAGE = YES_ERROR;
				CLANG_WARN_EMPTY_BODY = YES;
				CLANG_WARN_ENUM_CONVERSION = YES;
				CLANG_WARN_INT_CONVERSION = YES;
				CLANG_WARN_OBJC_ROOT_CLASS = YES_ERROR;
				CLANG_WARN_UNREACHABLE_CODE = YES;
				CLANG_WARN__DUPLICATE_METHOD_MATCH = YES;
				COPY_PHASE_STRIP = YES;
				DEBUG_INFORMATION_FORMAT = "dwarf-with-dsym";
				ENABLE_NS_ASSERTIONS = NO;
				ENABLE_STRICT_OBJC_MSGSEND = YES;
				GCC_C_LANGUAGE_STANDARD = gnu99;
				GCC_WARN_64_TO_32_BIT_CONVERSION = YES;
				GCC_WARN_ABOUT_RETURN_TYPE = YES_ERROR;
				GCC_WARN_UNDECLARED_SELECTOR = YES;
				GCC_WARN_UNINITIALIZED_AUTOS = YES_AGGRESSIVE;
				GCC_WARN_UNUSED_FUNCTION = YES;
				GCC_WARN_UNUSED_VARIABLE = YES;
				MACOSX_DEPLOYMENT_TARGET = 10.9;
				MTL_ENABLE_DEBUG_INFO = NO;
				SDKROOT = macosx;
			};
			name = Release;
		};
		0268D2EF19CADDAA00480123 /* Debug */ = {
			isa = XCBuildConfiguration;
			buildSettings = {
				GCC_WARN_ABOUT_DEPRECATED_FUNCTIONS = NO;
				PRODUCT_NAME = "$(TARGET_NAME)";
			};
			name = Debug;
		};
		0268D2F019CADDAA00480123 /* Release */ = {
			isa = XCBuildConfiguration;
			buildSettings = {
				GCC_WARN_ABOUT_DEPRECATED_FUNCTIONS = NO;
				PRODUCT_NAME = "$(TARGET_NAME)";
			};
			name = Release;
		};
/* End XCBuildConfiguration section */

/* Begin XCConfigurationList section */
		0268D2E219CADDAA00480123 /* Build configuration list for PBXProject "curvePractical" */ = {
			isa = XCConfigurationList;
			buildConfigurations = (
				0268D2EC19CADDAA00480123 /* Debug */,
				0268D2ED19CADDAA00480123 /* Release */,
			);
			defaultConfigurationIsVisible = 0;
			defaultConfigurationName = Release;
		};
		0268D2EE19CADDAA00480123 /* Build configuration list for PBXNativeTarget "curvePractical" */ = {
			isa = XCConfigurationList;
			buildConfigurations = (
				0268D2EF19CADDAA00480123 /* Debug */,
				0268D2F019CADDAA00480123 /* Release */,
			);
			defaultConfigurationIsVisible = 0;
			defaultConfigurationName = Release;
		};
/* End XCConfigurationList section */
	};
	rootObject = 0268D2DF19CADDAA00480123 /* Project object */;
}
